
Microsoft Visual Studio Solution File, Format Version 12.00
# Visual Studio Version 17
VisualStudioVersion = 17.8.34309.116
MinimumVisualStudioVersion = 10.0.40219.1
Project("{FAE04EC0-301F-11D3-BF4B-00C04F79EFBC}") = "WebApplication5", "WebApplication5\WebApplication5.csproj", "{DE7C25F7-C26E-42A0-BAFB-9B54AB882499}"
EndProject
Global
	GlobalSection(SolutionConfigurationPlatforms) = preSolution
		Debug|Any CPU = Debug|Any CPU
		Release|Any CPU = Release|Any CPU
	EndGlobalSection
	GlobalSection(ProjectConfigurationPlatforms) = postSolution
		{DE7C25F7-C26E-42A0-BAFB-9B54AB882499}.Debug|Any CPU.ActiveCfg = Debug|Any CPU
		{DE7C25F7-C26E-42A0-BAFB-9B54AB882499}.Debug|Any CPU.Build.0 = Debug|Any CPU
		{DE7C25F7-C26E-42A0-BAFB-9B54AB882499}.Release|Any CPU.ActiveCfg = Release|Any CPU
		{DE7C25F7-C26E-42A0-BAFB-9B54AB882499}.Release|Any CPU.Build.0 = Release|Any CPU
	EndGlobalSection
	GlobalSection(SolutionProperties) = preSolution
		HideSolutionNode = FALSE
	EndGlobalSection
	GlobalSection(ExtensibilityGlobals) = postSolution
		SolutionGuid = {6BC31851-A1A2-4F59-B9C0-DBC97D91458D}
	EndGlobalSection
EndGlobal
